Microsoft Visual Studio Solution File, Format Version 12.00
# Visual Studio Version 17
VisualStudioVersion = 17.5.2.0
MinimumVisualStudioVersion = 10.0.40219.1
Project("{FAE04EC0-301F-11D3-BF4B-00C04F79EFBC}") = "file_manager", "file_manager.csproj", "{7B9CC428-E462-B132-2736-8F60388813D7}"
EndProject
Global
	GlobalSection(SolutionConfigurationPlatforms) = preSolution
		Debug|Any CPU = Debug|Any CPU
		Release|Any CPU = Release|Any CPU
	EndGlobalSection
	GlobalSection(ProjectConfigurationPlatforms) = postSolution
		{7B9CC428-E462-B132-2736-8F60388813D7}.Debug|Any CPU.ActiveCfg = Debug|Any CPU
		{7B9CC428-E462-B132-2736-8F60388813D7}.Debug|Any CPU.Build.0 = Debug|Any CPU
		{7B9CC428-E462-B132-2736-8F60388813D7}.Release|Any CPU.ActiveCfg = Release|Any CPU
		{7B9CC428-E462-B132-2736-8F60388813D7}.Release|Any CPU.Build.0 = Release|Any CPU
	EndGlobalSection
	GlobalSection(SolutionProperties) = preSolution
		HideSolutionNode = FALSE
	EndGlobalSection
	GlobalSection(ExtensibilityGlobals) = postSolution
		SolutionGuid = {E4025051-7DCA-4475-8CAD-F57FBC430F29}
	EndGlobalSection
EndGlobal
